
Microsoft Visual Studio Solution File, Format Version 12.00
# Visual Studio Version 16
VisualStudioVersion = 16.0.30517.126
MinimumVisualStudioVersion = 10.0.40219.1
Project("{9A19103F-16F7-4668-BE54-9A1E7A4F7556}") = "SumAndAverage", "SumAndAverage\SumAndAverage.csproj", "{79D8FF80-FE9D-4318-B994-6EC8EF522D26}"
EndProject
Project("{9A19103F-16F7-4668-BE54-9A1E7A4F7556}") = "SortWords", "SortWords\SortWords.csproj", "{974D8B07-90B7-4A4A-8185-E0F1EBEF4E42}"
EndProject
Project("{9A19103F-16F7-4668-BE54-9A1E7A4F7556}") = "LongestSubsequence", "LongestSubsequence\LongestSubsequence.csproj", "{F721BFBE-3A4A-4549-AA76-0E29B591D510}"
EndProject
Project("{9A19103F-16F7-4668-BE54-9A1E7A4F7556}") = "LongestSubsequence.Tests", "LongestSubsequence.Tests\LongestSubsequence.Tests.csproj", "{20E1B3E0-2E5A-4F42-8635-89E353412F3E}"
EndProject
Project("{9A19103F-16F7-4668-BE54-9A1E7A4F7556}") = "RemoveOddOccurrences", "RemoveOddOccurrences\RemoveOddOccurrences.csproj", "{93A775BB-8330-4428-8FC4-C19A57D70753}"
EndProject
Project("{9A19103F-16F7-4668-BE54-9A1E7A4F7556}") = "RemoveOddOccurrences.Tests", "RemoveOddOccurrences.Tests\RemoveOddOccurrences.Tests.csproj", "{9C0AE8E1-A0C4-4D02-94C4-597E88AEBCAF}"
EndProject
Project("{FAE04EC0-301F-11D3-BF4B-00C04F79EFBC}") = "CountOfOccurrences", "CountOfOccurrences\CountOfOccurrences.csproj", "{6ABFBE9D-5B86-4644-ACCD-99B831DD5C3A}"
EndProject
Global
	GlobalSection(SolutionConfigurationPlatforms) = preSolution
		Debug|Any CPU = Debug|Any CPU
		Release|Any CPU = Release|Any CPU
	EndGlobalSection
	GlobalSection(ProjectConfigurationPlatforms) = postSolution
		{79D8FF80-FE9D-4318-B994-6EC8EF522D26}.Debug|Any CPU.ActiveCfg = Debug|Any CPU
		{79D8FF80-FE9D-4318-B994-6EC8EF522D26}.Debug|Any CPU.Build.0 = Debug|Any CPU
		{79D8FF80-FE9D-4318-B994-6EC8EF522D26}.Release|Any CPU.ActiveCfg = Release|Any CPU
		{79D8FF80-FE9D-4318-B994-6EC8EF522D26}.Release|Any CPU.Build.0 = Release|Any CPU
		{974D8B07-90B7-4A4A-8185-E0F1EBEF4E42}.Debug|Any CPU.ActiveCfg = Debug|Any CPU
		{974D8B07-90B7-4A4A-8185-E0F1EBEF4E42}.Debug|Any CPU.Build.0 = Debug|Any CPU
		{974D8B07-90B7-4A4A-8185-E0F1EBEF4E42}.Release|Any CPU.ActiveCfg = Release|Any CPU
		{974D8B07-90B7-4A4A-8185-E0F1EBEF4E42}.Release|Any CPU.Build.0 = Release|Any CPU
		{F721BFBE-3A4A-4549-AA76-0E29B591D510}.Debug|Any CPU.ActiveCfg = Debug|Any CPU
		{F721BFBE-3A4A-4549-AA76-0E29B591D510}.Debug|Any CPU.Build.0 = Debug|Any CPU
		{F721BFBE-3A4A-4549-AA76-0E29B591D510}.Release|Any CPU.ActiveCfg = Release|Any CPU
		{F721BFBE-3A4A-4549-AA76-0E29B591D510}.Release|Any CPU.Build.0 = Release|Any CPU
		{20E1B3E0-2E5A-4F42-8635-89E353412F3E}.Debug|Any CPU.ActiveCfg = Debug|Any CPU
		{20E1B3E0-2E5A-4F42-8635-89E353412F3E}.Debug|Any CPU.Build.0 = Debug|Any CPU
		{20E1B3E0-2E5A-4F42-8635-89E353412F3E}.Release|Any CPU.ActiveCfg = Release|Any CPU
		{20E1B3E0-2E5A-4F42-8635-89E353412F3E}.Release|Any CPU.Build.0 = Release|Any CPU
		{93A775BB-8330-4428-8FC4-C19A57D70753}.Debug|Any CPU.ActiveCfg = Debug|Any CPU
		{93A775BB-8330-4428-8FC4-C19A57D70753}.Debug|Any CPU.Build.0 = Debug|Any CPU
		{93A775BB-8330-4428-8FC4-C19A57D70753}.Release|Any CPU.ActiveCfg = Release|Any CPU
		{93A775BB-8330-4428-8FC4-C19A57D70753}.Release|Any CPU.Build.0 = Release|Any CPU
		{9C0AE8E1-A0C4-4D02-94C4-597E88AEBCAF}.Debug|Any CPU.ActiveCfg = Debug|Any CPU
		{9C0AE8E1-A0C4-4D02-94C4-597E88AEBCAF}.Debug|Any CPU.Build.0 = Debug|Any CPU
		{9C0AE8E1-A0C4-4D02-94C4-597E88AEBCAF}.Release|Any CPU.ActiveCfg = Release|Any CPU
		{9C0AE8E1-A0C4-4D02-94C4-597E88AEBCAF}.Release|Any CPU.Build.0 = Release|Any CPU
		{6ABFBE9D-5B86-4644-ACCD-99B831DD5C3A}.Debug|Any CPU.ActiveCfg = Debug|Any CPU
		{6ABFBE9D-5B86-4644-ACCD-99B831DD5C3A}.Debug|Any CPU.Build.0 = Debug|Any CPU
		{6ABFBE9D-5B86-4644-ACCD-99B831DD5C3A}.Release|Any CPU.ActiveCfg = Release|Any CPU
		{6ABFBE9D-5B86-4644-ACCD-99B831DD5C3A}.Release|Any CPU.Build.0 = Release|Any CPU
	EndGlobalSection
	GlobalSection(SolutionProperties) = preSolution
		HideSolutionNode = FALSE
	EndGlobalSection
	GlobalSection(ExtensibilityGlobals) = postSolution
		SolutionGuid = {44514E3F-F044-4A6F-AC1E-F4CF35B6FEBB}
	EndGlobalSection
EndGlobal
